
Microsoft Visual Studio Solution File, Format Version 12.00
# Visual Studio Version 17
VisualStudioVersion = 17.1.32328.378
MinimumVisualStudioVersion = 10.0.40219.1
Project("{9A19103F-16F7-4668-BE54-9A1E7A4F7556}") = "Task 3 OOP", "Task 3 OOP(Revork)\Task 3 OOP.csproj", "{18E0A2ED-8102-4660-A497-E80349BF219C}"
EndProject
Project("{9A19103F-16F7-4668-BE54-9A1E7A4F7556}") = "Task 4 Value and Ref", "Task 4 Value and Ref(Revork)\Task 4 Value and Ref.csproj", "{31E9E9B9-2551-44BF-A8CE-AC951A1F8487}"
EndProject
Project("{9A19103F-16F7-4668-BE54-9A1E7A4F7556}") = "Task 5 Convetable", "Task 5 Convert(Revork)\Task 5 Convetable.csproj", "{A4E89F51-6A2A-4BEB-8816-1719B37451C5}"
EndProject
Project("{9A19103F-16F7-4668-BE54-9A1E7A4F7556}") = "Task6 BoxingUnboxing", "Task6 BoxingUnboxing\Task6 BoxingUnboxing.csproj", "{68708C18-B007-42BD-A741-6331E73E1706}"
EndProject
Project("{9A19103F-16F7-4668-BE54-9A1E7A4F7556}") = "Task 7 IEnumerable,IEnumerator", "Tas 7 IEnumerable,IEnumerator\Task 7 IEnumerable,IEnumerator.csproj", "{EB0A9385-E94E-43F5-9773-92EB9B69FCCF}"
EndProject
Project("{9A19103F-16F7-4668-BE54-9A1E7A4F7556}") = "Task 8 Linq", "Task 8 Linq(Revork)\Task 8 Linq.csproj", "{235DA906-94B7-4342-899C-928833146E2A}"
EndProject
Project("{9A19103F-16F7-4668-BE54-9A1E7A4F7556}") = "Task 9 IComparable", "Task 9 IComparable(Revork)\Task 9 IComparable.csproj", "{9D59B7DB-598C-463F-840D-EC1E764A349A}"
EndProject
Project("{9A19103F-16F7-4668-BE54-9A1E7A4F7556}") = "Task 10 GetHashCode(), Equals()", "Task 10 GetHashCode(), Equals() (Revork)\Task 10 GetHashCode(), Equals().csproj", "{A6656864-0170-4D6A-A40C-A0C6973E6F01}"
EndProject
Project("{9A19103F-16F7-4668-BE54-9A1E7A4F7556}") = "Task 11 List, Dictionary", "Task 11 List, Dictionary (Revork)\Task 11 List, Dictionary.csproj", "{7D8CDB9A-EA48-4B08-BF55-F8CDD14A164C}"
EndProject
Project("{9A19103F-16F7-4668-BE54-9A1E7A4F7556}") = "Task 11 List, DictionaryY", "Task 11 List, Dictionary Point4\Task 11 List, DictionaryY.csproj", "{2AFFA42E-3949-498C-8D4B-CE454B2070E2}"
EndProject
Project("{9A19103F-16F7-4668-BE54-9A1E7A4F7556}") = "Task 12 Generic Type, Generic Member", "Task 12 Generic Type, Generic Member (Revork)\Task 12 Generic Type, Generic Member.csproj", "{AE65B82F-E6D0-4AD0-9A24-10C1949B70E9}"
EndProject
Project("{9A19103F-16F7-4668-BE54-9A1E7A4F7556}") = "Task 12 Generic Type, Generic Member(2)", "Task 12 Generic Type, Generic Member(2)\Task 12 Generic Type, Generic Member(2).csproj", "{356F3914-05E4-456C-BC33-F41A18642E62}"
EndProject
Project("{9A19103F-16F7-4668-BE54-9A1E7A4F7556}") = "Task13Delegate", "Task13Delegate\Task13Delegate.csproj", "{57CF1D5E-9F6C-4E4F-B18F-9AD42FB1950B}"
EndProject
Project("{9A19103F-16F7-4668-BE54-9A1E7A4F7556}") = "Task 13Func", "Task 13Func\Task 13Func.csproj", "{0C4AC2D5-E2EB-4B61-9507-698E26EF9393}"
EndProject
Project("{9A19103F-16F7-4668-BE54-9A1E7A4F7556}") = "Task14Events", "Task14Events\Task14Events.csproj", "{49527FAE-335F-497A-8A52-1F80F737CC17}"
EndProject
Project("{9A19103F-16F7-4668-BE54-9A1E7A4F7556}") = "Task15Try", "Task15Try\Task15Try.csproj", "{C9CAB9E6-9133-4A2E-B2B0-30587B19EB25}"
EndProject
Project("{9A19103F-16F7-4668-BE54-9A1E7A4F7556}") = "Task15MoneyTransfer", "Task15MoneyTransfer\Task15MoneyTransfer.csproj", "{0D48DA20-F6D9-4D64-82DB-11E960E8EBAB}"
EndProject
Project("{9A19103F-16F7-4668-BE54-9A1E7A4F7556}") = "Task 16FileStream", "Task 16FileStream\Task 16FileStream.csproj", "{65CBA752-8B5F-4CF6-98B0-2E7554BD01F3}"
EndProject
Project("{9A19103F-16F7-4668-BE54-9A1E7A4F7556}") = "Task 18 Extensions", "Task 18 Extensions\Task 18 Extensions.csproj", "{CD36C61A-F971-4402-8128-7DF264552795}"
EndProject
Project("{9A19103F-16F7-4668-BE54-9A1E7A4F7556}") = "Task19Reflection", "Task19Reflection\Task19Reflection.csproj", "{C0765A1E-0AEC-4C47-939F-AB3A2365394E}"
EndProject
Project("{9A19103F-16F7-4668-BE54-9A1E7A4F7556}") = "Task 17Dispose", "Task 17Dispose\Task 17Dispose.csproj", "{0FA48271-E549-405A-973B-F88CE61E94E2}"
EndProject
Project("{9A19103F-16F7-4668-BE54-9A1E7A4F7556}") = "Task20 Serialization", "Task20 Serialization\Task20 Serialization.csproj", "{7D5E2796-F31A-4E55-8EA4-B03D27E568A3}"
EndProject
Project("{9A19103F-16F7-4668-BE54-9A1E7A4F7556}") = "UnitForTask16", "UnitForTask16\UnitForTask16.csproj", "{FA908A57-1E87-4782-9F5B-F44324FB4822}"
EndProject
Project("{9A19103F-16F7-4668-BE54-9A1E7A4F7556}") = "Task21Cacl", "Task21Cacl\Task21Cacl.csproj", "{FED74DC9-4F04-4F19-8EEF-1FA57B71AD07}"
EndProject
Project("{9A19103F-16F7-4668-BE54-9A1E7A4F7556}") = "Task22ApiConverterCurrency", "Task22ApiConverterCurrency\Task22ApiConverterCurrency.csproj", "{CB3CFDD2-7F52-4ECB-BCAB-6C5C47379133}"
EndProject
Project("{9A19103F-16F7-4668-BE54-9A1E7A4F7556}") = "Taks22DexSwaggerApi", "Taks22DexSwaggerApi\Taks22DexSwaggerApi.csproj", "{B64D9FA5-BF2D-49D2-A852-F83A57DA47DE}"
EndProject
Project("{9A19103F-16F7-4668-BE54-9A1E7A4F7556}") = "Taks23Regular expression", "Taks21Regular expression\Taks23Regular expression.csproj", "{0619A871-2DCA-4244-A5BE-23E0FAA628B3}"
EndProject
Project("{9A19103F-16F7-4668-BE54-9A1E7A4F7556}") = "Task24(2)", "Task24,25,26(1)\Task24(2).csproj", "{EB2087DF-8FB4-4482-A216-FC29648C7F6D}"
EndProject
Project("{FAE04EC0-301F-11D3-BF4B-00C04F79EFBC}") = "Task24(1)", "Task24(1)\Task24(1).csproj", "{8428A307-179B-4AF1-BBA0-699C9BD778D5}"
EndProject
Global
	GlobalSection(SolutionConfigurationPlatforms) = preSolution
		Debug|Any CPU = Debug|Any CPU
		Release|Any CPU = Release|Any CPU
	EndGlobalSection
	GlobalSection(ProjectConfigurationPlatforms) = postSolution
		{18E0A2ED-8102-4660-A497-E80349BF219C}.Debug|Any CPU.ActiveCfg = Debug|Any CPU
		{18E0A2ED-8102-4660-A497-E80349BF219C}.Debug|Any CPU.Build.0 = Debug|Any CPU
		{18E0A2ED-8102-4660-A497-E80349BF219C}.Release|Any CPU.ActiveCfg = Release|Any CPU
		{18E0A2ED-8102-4660-A497-E80349BF219C}.Release|Any CPU.Build.0 = Release|Any CPU
		{31E9E9B9-2551-44BF-A8CE-AC951A1F8487}.Debug|Any CPU.ActiveCfg = Debug|Any CPU
		{31E9E9B9-2551-44BF-A8CE-AC951A1F8487}.Debug|Any CPU.Build.0 = Debug|Any CPU
		{31E9E9B9-2551-44BF-A8CE-AC951A1F8487}.Release|Any CPU.ActiveCfg = Release|Any CPU
		{31E9E9B9-2551-44BF-A8CE-AC951A1F8487}.Release|Any CPU.Build.0 = Release|Any CPU
		{A4E89F51-6A2A-4BEB-8816-1719B37451C5}.Debug|Any CPU.ActiveCfg = Debug|Any CPU
		{A4E89F51-6A2A-4BEB-8816-1719B37451C5}.Debug|Any CPU.Build.0 = Debug|Any CPU
		{A4E89F51-6A2A-4BEB-8816-1719B37451C5}.Release|Any CPU.ActiveCfg = Release|Any CPU
		{A4E89F51-6A2A-4BEB-8816-1719B37451C5}.Release|Any CPU.Build.0 = Release|Any CPU
		{68708C18-B007-42BD-A741-6331E73E1706}.Debug|Any CPU.ActiveCfg = Debug|Any CPU
		{68708C18-B007-42BD-A741-6331E73E1706}.Debug|Any CPU.Build.0 = Debug|Any CPU
		{68708C18-B007-42BD-A741-6331E73E1706}.Release|Any CPU.ActiveCfg = Release|Any CPU
		{68708C18-B007-42BD-A741-6331E73E1706}.Release|Any CPU.Build.0 = Release|Any CPU
		{EB0A9385-E94E-43F5-9773-92EB9B69FCCF}.Debug|Any CPU.ActiveCfg = Debug|Any CPU
		{EB0A9385-E94E-43F5-9773-92EB9B69FCCF}.Debug|Any CPU.Build.0 = Debug|Any CPU
		{EB0A9385-E94E-43F5-9773-92EB9B69FCCF}.Release|Any CPU.ActiveCfg = Release|Any CPU
		{EB0A9385-E94E-43F5-9773-92EB9B69FCCF}.Release|Any CPU.Build.0 = Release|Any CPU
		{235DA906-94B7-4342-899C-928833146E2A}.Debug|Any CPU.ActiveCfg = Debug|Any CPU
		{235DA906-94B7-4342-899C-928833146E2A}.Debug|Any CPU.Build.0 = Debug|Any CPU
		{235DA906-94B7-4342-899C-928833146E2A}.Release|Any CPU.ActiveCfg = Release|Any CPU
		{235DA906-94B7-4342-899C-928833146E2A}.Release|Any CPU.Build.0 = Release|Any CPU
		{9D59B7DB-598C-463F-840D-EC1E764A349A}.Debug|Any CPU.ActiveCfg = Debug|Any CPU
		{9D59B7DB-598C-463F-840D-EC1E764A349A}.Debug|Any CPU.Build.0 = Debug|Any CPU
		{9D59B7DB-598C-463F-840D-EC1E764A349A}.Release|Any CPU.ActiveCfg = Release|Any CPU
		{9D59B7DB-598C-463F-840D-EC1E764A349A}.Release|Any CPU.Build.0 = Release|Any CPU
		{A6656864-0170-4D6A-A40C-A0C6973E6F01}.Debug|Any CPU.ActiveCfg = Debug|Any CPU
		{A6656864-0170-4D6A-A40C-A0C6973E6F01}.Debug|Any CPU.Build.0 = Debug|Any CPU
		{A6656864-0170-4D6A-A40C-A0C6973E6F01}.Release|Any CPU.ActiveCfg = Release|Any CPU
		{A6656864-0170-4D6A-A40C-A0C6973E6F01}.Release|Any CPU.Build.0 = Release|Any CPU
		{7D8CDB9A-EA48-4B08-BF55-F8CDD14A164C}.Debug|Any CPU.ActiveCfg = Debug|Any CPU
		{7D8CDB9A-EA48-4B08-BF55-F8CDD14A164C}.Debug|Any CPU.Build.0 = Debug|Any CPU
		{7D8CDB9A-EA48-4B08-BF55-F8CDD14A164C}.Release|Any CPU.ActiveCfg = Release|Any CPU
		{7D8CDB9A-EA48-4B08-BF55-F8CDD14A164C}.Release|Any CPU.Build.0 = Release|Any CPU
		{2AFFA42E-3949-498C-8D4B-CE454B2070E2}.Debug|Any CPU.ActiveCfg = Debug|Any CPU
		{2AFFA42E-3949-498C-8D4B-CE454B2070E2}.Debug|Any CPU.Build.0 = Debug|Any CPU
		{2AFFA42E-3949-498C-8D4B-CE454B2070E2}.Release|Any CPU.ActiveCfg = Release|Any CPU
		{2AFFA42E-3949-498C-8D4B-CE454B2070E2}.Release|Any CPU.Build.0 = Release|Any CPU
		{AE65B82F-E6D0-4AD0-9A24-10C1949B70E9}.Debug|Any CPU.ActiveCfg = Debug|Any CPU
		{AE65B82F-E6D0-4AD0-9A24-10C1949B70E9}.Debug|Any CPU.Build.0 = Debug|Any CPU
		{AE65B82F-E6D0-4AD0-9A24-10C1949B70E9}.Release|Any CPU.ActiveCfg = Release|Any CPU
		{AE65B82F-E6D0-4AD0-9A24-10C1949B70E9}.Release|Any CPU.Build.0 = Release|Any CPU
		{356F3914-05E4-456C-BC33-F41A18642E62}.Debug|Any CPU.ActiveCfg = Debug|Any CPU
		{356F3914-05E4-456C-BC33-F41A18642E62}.Debug|Any CPU.Build.0 = Debug|Any CPU
		{356F3914-05E4-456C-BC33-F41A18642E62}.Release|Any CPU.ActiveCfg = Release|Any CPU
		{356F3914-05E4-456C-BC33-F41A18642E62}.Release|Any CPU.Build.0 = Release|Any CPU
		{57CF1D5E-9F6C-4E4F-B18F-9AD42FB1950B}.Debug|Any CPU.ActiveCfg = Debug|Any CPU
		{57CF1D5E-9F6C-4E4F-B18F-9AD42FB1950B}.Debug|Any CPU.Build.0 = Debug|Any CPU
		{57CF1D5E-9F6C-4E4F-B18F-9AD42FB1950B}.Release|Any CPU.ActiveCfg = Release|Any CPU
		{57CF1D5E-9F6C-4E4F-B18F-9AD42FB1950B}.Release|Any CPU.Build.0 = Release|Any CPU
		{0C4AC2D5-E2EB-4B61-9507-698E26EF9393}.Debug|Any CPU.ActiveCfg = Debug|Any CPU
		{0C4AC2D5-E2EB-4B61-9507-698E26EF9393}.Debug|Any CPU.Build.0 = Debug|Any CPU
		{0C4AC2D5-E2EB-4B61-9507-698E26EF9393}.Release|Any CPU.ActiveCfg = Release|Any CPU
		{0C4AC2D5-E2EB-4B61-9507-698E26EF9393}.Release|Any CPU.Build.0 = Release|Any CPU
		{49527FAE-335F-497A-8A52-1F80F737CC17}.Debug|Any CPU.ActiveCfg = Debug|Any CPU
		{49527FAE-335F-497A-8A52-1F80F737CC17}.Debug|Any CPU.Build.0 = Debug|Any CPU
		{49527FAE-335F-497A-8A52-1F80F737CC17}.Release|Any CPU.ActiveCfg = Release|Any CPU
		{49527FAE-335F-497A-8A52-1F80F737CC17}.Release|Any CPU.Build.0 = Release|Any CPU
		{C9CAB9E6-9133-4A2E-B2B0-30587B19EB25}.Debug|Any CPU.ActiveCfg = Debug|Any CPU
		{C9CAB9E6-9133-4A2E-B2B0-30587B19EB25}.Debug|Any CPU.Build.0 = Debug|Any CPU
		{C9CAB9E6-9133-4A2E-B2B0-30587B19EB25}.Release|Any CPU.ActiveCfg = Release|Any CPU
		{C9CAB9E6-9133-4A2E-B2B0-30587B19EB25}.Release|Any CPU.Build.0 = Release|Any CPU
		{0D48DA20-F6D9-4D64-82DB-11E960E8EBAB}.Debug|Any CPU.ActiveCfg = Debug|Any CPU
		{0D48DA20-F6D9-4D64-82DB-11E960E8EBAB}.Debug|Any CPU.Build.0 = Debug|Any CPU
		{0D48DA20-F6D9-4D64-82DB-11E960E8EBAB}.Release|Any CPU.ActiveCfg = Release|Any CPU
		{0D48DA20-F6D9-4D64-82DB-11E960E8EBAB}.Release|Any CPU.Build.0 = Release|Any CPU
		{65CBA752-8B5F-4CF6-98B0-2E7554BD01F3}.Debug|Any CPU.ActiveCfg = Debug|Any CPU
		{65CBA752-8B5F-4CF6-98B0-2E7554BD01F3}.Debug|Any CPU.Build.0 = Debug|Any CPU
		{65CBA752-8B5F-4CF6-98B0-2E7554BD01F3}.Release|Any CPU.ActiveCfg = Release|Any CPU
		{65CBA752-8B5F-4CF6-98B0-2E7554BD01F3}.Release|Any CPU.Build.0 = Release|Any CPU
		{CD36C61A-F971-4402-8128-7DF264552795}.Debug|Any CPU.ActiveCfg = Debug|Any CPU
		{CD36C61A-F971-4402-8128-7DF264552795}.Debug|Any CPU.Build.0 = Debug|Any CPU
		{CD36C61A-F971-4402-8128-7DF264552795}.Release|Any CPU.ActiveCfg = Release|Any CPU
		{CD36C61A-F971-4402-8128-7DF264552795}.Release|Any CPU.Build.0 = Release|Any CPU
		{C0765A1E-0AEC-4C47-939F-AB3A2365394E}.Debug|Any CPU.ActiveCfg = Debug|Any CPU
		{C0765A1E-0AEC-4C47-939F-AB3A2365394E}.Debug|Any CPU.Build.0 = Debug|Any CPU
		{C0765A1E-0AEC-4C47-939F-AB3A2365394E}.Release|Any CPU.ActiveCfg = Release|Any CPU
		{C0765A1E-0AEC-4C47-939F-AB3A2365394E}.Release|Any CPU.Build.0 = Release|Any CPU
		{0FA48271-E549-405A-973B-F88CE61E94E2}.Debug|Any CPU.ActiveCfg = Debug|Any CPU
		{0FA48271-E549-405A-973B-F88CE61E94E2}.Debug|Any CPU.Build.0 = Debug|Any CPU
		{0FA48271-E549-405A-973B-F88CE61E94E2}.Release|Any CPU.ActiveCfg = Release|Any CPU
		{0FA48271-E549-405A-973B-F88CE61E94E2}.Release|Any CPU.Build.0 = Release|Any CPU
		{7D5E2796-F31A-4E55-8EA4-B03D27E568A3}.Debug|Any CPU.ActiveCfg = Debug|Any CPU
		{7D5E2796-F31A-4E55-8EA4-B03D27E568A3}.Debug|Any CPU.Build.0 = Debug|Any CPU
		{7D5E2796-F31A-4E55-8EA4-B03D27E568A3}.Release|Any CPU.ActiveCfg = Release|Any CPU
		{7D5E2796-F31A-4E55-8EA4-B03D27E568A3}.Release|Any CPU.Build.0 = Release|Any CPU
		{FA908A57-1E87-4782-9F5B-F44324FB4822}.Debug|Any CPU.ActiveCfg = Debug|Any CPU
		{FA908A57-1E87-4782-9F5B-F44324FB4822}.Debug|Any CPU.Build.0 = Debug|Any CPU
		{FA908A57-1E87-4782-9F5B-F44324FB4822}.Release|Any CPU.ActiveCfg = Release|Any CPU
		{FA908A57-1E87-4782-9F5B-F44324FB4822}.Release|Any CPU.Build.0 = Release|Any CPU
		{FED74DC9-4F04-4F19-8EEF-1FA57B71AD07}.Debug|Any CPU.ActiveCfg = Debug|Any CPU
		{FED74DC9-4F04-4F19-8EEF-1FA57B71AD07}.Debug|Any CPU.Build.0 = Debug|Any CPU
		{FED74DC9-4F04-4F19-8EEF-1FA57B71AD07}.Release|Any CPU.ActiveCfg = Release|Any CPU
		{FED74DC9-4F04-4F19-8EEF-1FA57B71AD07}.Release|Any CPU.Build.0 = Release|Any CPU
		{CB3CFDD2-7F52-4ECB-BCAB-6C5C47379133}.Debug|Any CPU.ActiveCfg = Debug|Any CPU
		{CB3CFDD2-7F52-4ECB-BCAB-6C5C47379133}.Debug|Any CPU.Build.0 = Debug|Any CPU
		{CB3CFDD2-7F52-4ECB-BCAB-6C5C47379133}.Release|Any CPU.ActiveCfg = Release|Any CPU
		{CB3CFDD2-7F52-4ECB-BCAB-6C5C47379133}.Release|Any CPU.Build.0 = Release|Any CPU
		{B64D9FA5-BF2D-49D2-A852-F83A57DA47DE}.Debug|Any CPU.ActiveCfg = Debug|Any CPU
		{B64D9FA5-BF2D-49D2-A852-F83A57DA47DE}.Debug|Any CPU.Build.0 = Debug|Any CPU
		{B64D9FA5-BF2D-49D2-A852-F83A57DA47DE}.Release|Any CPU.ActiveCfg = Release|Any CPU
		{B64D9FA5-BF2D-49D2-A852-F83A57DA47DE}.Release|Any CPU.Build.0 = Release|Any CPU
		{0619A871-2DCA-4244-A5BE-23E0FAA628B3}.Debug|Any CPU.ActiveCfg = Debug|Any CPU
		{0619A871-2DCA-4244-A5BE-23E0FAA628B3}.Debug|Any CPU.Build.0 = Debug|Any CPU
		{0619A871-2DCA-4244-A5BE-23E0FAA628B3}.Release|Any CPU.ActiveCfg = Release|Any CPU
		{0619A871-2DCA-4244-A5BE-23E0FAA628B3}.Release|Any CPU.Build.0 = Release|Any CPU
		{EB2087DF-8FB4-4482-A216-FC29648C7F6D}.Debug|Any CPU.ActiveCfg = Debug|Any CPU
		{EB2087DF-8FB4-4482-A216-FC29648C7F6D}.Debug|Any CPU.Build.0 = Debug|Any CPU
		{EB2087DF-8FB4-4482-A216-FC29648C7F6D}.Release|Any CPU.ActiveCfg = Release|Any CPU
		{EB2087DF-8FB4-4482-A216-FC29648C7F6D}.Release|Any CPU.Build.0 = Release|Any CPU
		{8428A307-179B-4AF1-BBA0-699C9BD778D5}.Debug|Any CPU.ActiveCfg = Debug|Any CPU
		{8428A307-179B-4AF1-BBA0-699C9BD778D5}.Debug|Any CPU.Build.0 = Debug|Any CPU
		{8428A307-179B-4AF1-BBA0-699C9BD778D5}.Release|Any CPU.ActiveCfg = Release|Any CPU
		{8428A307-179B-4AF1-BBA0-699C9BD778D5}.Release|Any CPU.Build.0 = Release|Any CPU
	EndGlobalSection
	GlobalSection(SolutionProperties) = preSolution
		HideSolutionNode = FALSE
	EndGlobalSection
	GlobalSection(ExtensibilityGlobals) = postSolution
		SolutionGuid = {1B2F2687-13FB-46FB-A2A4-142C7C089F14}
	EndGlobalSection
EndGlobal
